{
  "version": 4,
  "terraform_version": "0.12.24",
  "serial": 13,
  "lineage": "3f9e3ab3-4293-8d07-c150-e2c878285b7b",
  "outputs": {},
  "resources": [
    {
      "mode": "managed",
      "type": "aws_acm_certificate",
      "name": "website_cert",
      "provider": "provider.aws",
      "instances": [
        {
          "schema_version": 0,
          "attributes": {
            "arn": "arn:aws:acm:us-east-1:748004005034:certificate/96aaf5f6-e473-49ae-b789-01cb907ec126",
            "certificate_authority_arn": "",
            "certificate_body": null,
            "certificate_chain": null,
            "domain_name": "doomlection.com",
            "domain_validation_options": [
              {
                "domain_name": "doomlection.com",
                "resource_record_name": "_51b8c9ed7c8e96126a50048884f7940f.doomlection.com.",
                "resource_record_type": "CNAME",
                "resource_record_value": "_7b878b6bc55d82a6d37dcac98895b983.zdxcnfdgtt.acm-validations.aws."
              }
            ],
            "id": "arn:aws:acm:us-east-1:748004005034:certificate/96aaf5f6-e473-49ae-b789-01cb907ec126",
            "options": [
              {
                "certificate_transparency_logging_preference": "ENABLED"
              }
            ],
            "private_key": null,
            "status": "ISSUED",
            "subject_alternative_names": [],
            "tags": {},
            "validation_emails": [],
            "validation_method": "DNS"
          },
          "private": "bnVsbA=="
        }
      ]
    },
    {
      "mode": "managed",
      "type": "aws_cloudfront_distribution",
      "name": "website_distribution",
      "provider": "provider.aws",
      "instances": [
        {
          "schema_version": 1,
          "attributes": {
            "aliases": [
              "doomlection.com"
            ],
            "arn": "arn:aws:cloudfront::748004005034:distribution/E1LHRRMSDZH12U",
            "caller_reference": "terraform-20200821201424002400000001",
            "comment": null,
            "custom_error_response": [
              {
                "error_caching_min_ttl": 300,
                "error_code": 403,
                "response_code": 200,
                "response_page_path": "/index.html"
              },
              {
                "error_caching_min_ttl": 300,
                "error_code": 404,
                "response_code": 200,
                "response_page_path": "/index.html"
              }
            ],
            "default_cache_behavior": [
              {
                "allowed_methods": [
                  "GET",
                  "HEAD"
                ],
                "cached_methods": [
                  "GET",
                  "HEAD"
                ],
                "compress": false,
                "default_ttl": 86400,
                "field_level_encryption_id": "",
                "forwarded_values": [
                  {
                    "cookies": [
                      {
                        "forward": "none",
                        "whitelisted_names": null
                      }
                    ],
                    "headers": null,
                    "query_string": false,
                    "query_string_cache_keys": null
                  }
                ],
                "lambda_function_association": [],
                "max_ttl": 31536000,
                "min_ttl": 0,
                "smooth_streaming": false,
                "target_origin_id": "doomlection.com-s3-origin",
                "trusted_signers": null,
                "viewer_protocol_policy": "allow-all"
              }
            ],
            "default_root_object": "",
            "domain_name": "d9ub3pejhyyk1.cloudfront.net",
            "enabled": true,
            "etag": "E2ZN0BY7ALF74G",
            "hosted_zone_id": "Z2FDTNDATAQYW2",
            "http_version": "http2",
            "id": "E1LHRRMSDZH12U",
            "in_progress_validation_batches": 0,
            "is_ipv6_enabled": true,
            "last_modified_time": "2020-08-21 20:14:24.162 +0000 UTC",
            "logging_config": [],
            "ordered_cache_behavior": [],
            "origin": [
              {
                "custom_header": [],
                "custom_origin_config": [],
                "domain_name": "doomlection.s3.amazonaws.com",
                "origin_id": "doomlection.com-s3-origin",
                "origin_path": "",
                "s3_origin_config": []
              }
            ],
            "origin_group": [],
            "price_class": "PriceClass_All",
            "restrictions": [
              {
                "geo_restriction": [
                  {
                    "locations": null,
                    "restriction_type": "none"
                  }
                ]
              }
            ],
            "retain_on_delete": false,
            "status": "Deployed",
            "tags": null,
            "trusted_signers": [
              {
                "enabled": false,
                "items": []
              }
            ],
            "viewer_certificate": [
              {
                "acm_certificate_arn": "arn:aws:acm:us-east-1:748004005034:certificate/96aaf5f6-e473-49ae-b789-01cb907ec126",
                "cloudfront_default_certificate": false,
                "iam_certificate_id": "",
                "minimum_protocol_version": "TLSv1.1_2016",
                "ssl_support_method": "sni-only"
              }
            ],
            "wait_for_deployment": true,
            "web_acl_id": ""
          },
          "private": "eyJzY2hlbWFfdmVyc2lvbiI6IjEifQ==",
          "dependencies": [
            "aws_acm_certificate.website_cert"
          ]
        }
      ]
    },
    {
      "mode": "managed",
      "type": "aws_route53_record",
      "name": "website_record_a",
      "provider": "provider.aws",
      "instances": [
        {
          "schema_version": 2,
          "attributes": {
            "alias": [
              {
                "evaluate_target_health": false,
                "name": "d9ub3pejhyyk1.cloudfront.net",
                "zone_id": "Z2FDTNDATAQYW2"
              }
            ],
            "allow_overwrite": null,
            "failover_routing_policy": [],
            "fqdn": "doomlection.com",
            "geolocation_routing_policy": [],
            "health_check_id": null,
            "id": "Z07280322855ANDB2JUBA_doomlection.com_A",
            "latency_routing_policy": [],
            "multivalue_answer_routing_policy": null,
            "name": "doomlection.com",
            "records": null,
            "set_identifier": null,
            "ttl": null,
            "type": "A",
            "weighted_routing_policy": [],
            "zone_id": "Z07280322855ANDB2JUBA"
          },
          "private": "eyJzY2hlbWFfdmVyc2lvbiI6IjIifQ==",
          "dependencies": [
            "aws_acm_certificate.website_cert",
            "aws_cloudfront_distribution.website_distribution",
            "aws_route53_zone.website_zone"
          ]
        }
      ]
    },
    {
      "mode": "managed",
      "type": "aws_route53_record",
      "name": "website_record_aaaa",
      "provider": "provider.aws",
      "instances": [
        {
          "schema_version": 2,
          "attributes": {
            "alias": [
              {
                "evaluate_target_health": false,
                "name": "d9ub3pejhyyk1.cloudfront.net",
                "zone_id": "Z2FDTNDATAQYW2"
              }
            ],
            "allow_overwrite": null,
            "failover_routing_policy": [],
            "fqdn": "doomlection.com",
            "geolocation_routing_policy": [],
            "health_check_id": null,
            "id": "Z07280322855ANDB2JUBA_doomlection.com_AAAA",
            "latency_routing_policy": [],
            "multivalue_answer_routing_policy": null,
            "name": "doomlection.com",
            "records": null,
            "set_identifier": null,
            "ttl": null,
            "type": "AAAA",
            "weighted_routing_policy": [],
            "zone_id": "Z07280322855ANDB2JUBA"
          },
          "private": "eyJzY2hlbWFfdmVyc2lvbiI6IjIifQ==",
          "dependencies": [
            "aws_acm_certificate.website_cert",
            "aws_cloudfront_distribution.website_distribution",
            "aws_route53_zone.website_zone"
          ]
        }
      ]
    },
    {
      "mode": "managed",
      "type": "aws_route53_record",
      "name": "website_record_ns",
      "provider": "provider.aws",
      "instances": [
        {
          "schema_version": 2,
          "attributes": {
            "alias": [],
            "allow_overwrite": true,
            "failover_routing_policy": [],
            "fqdn": "doomlection.com",
            "geolocation_routing_policy": [],
            "health_check_id": "",
            "id": "Z07280322855ANDB2JUBA_doomlection.com_NS",
            "latency_routing_policy": [],
            "multivalue_answer_routing_policy": null,
            "name": "doomlection.com",
            "records": [
              "ns-1327.awsdns-37.org",
              "ns-1609.awsdns-09.co.uk",
              "ns-377.awsdns-47.com",
              "ns-968.awsdns-57.net"
            ],
            "set_identifier": "",
            "ttl": 300,
            "type": "NS",
            "weighted_routing_policy": [],
            "zone_id": "Z07280322855ANDB2JUBA"
          },
          "private": "eyJzY2hlbWFfdmVyc2lvbiI6IjIifQ==",
          "dependencies": [
            "aws_route53_zone.website_zone"
          ]
        }
      ]
    },
    {
      "mode": "managed",
      "type": "aws_route53_record",
      "name": "website_record_soa",
      "provider": "provider.aws",
      "instances": [
        {
          "schema_version": 2,
          "attributes": {
            "alias": [],
            "allow_overwrite": true,
            "failover_routing_policy": [],
            "fqdn": "doomlection.com",
            "geolocation_routing_policy": [],
            "health_check_id": "",
            "id": "Z07280322855ANDB2JUBA_doomlection.com_SOA",
            "latency_routing_policy": [],
            "multivalue_answer_routing_policy": null,
            "name": "doomlection.com",
            "records": [
              "ns-1327.awsdns-37.org awsdns-hostmaster.amazon.com. 1 7200 900 1209600 86400"
            ],
            "set_identifier": "",
            "ttl": 900,
            "type": "SOA",
            "weighted_routing_policy": [],
            "zone_id": "Z07280322855ANDB2JUBA"
          },
          "private": "eyJzY2hlbWFfdmVyc2lvbiI6IjIifQ==",
          "dependencies": [
            "aws_route53_zone.website_zone"
          ]
        }
      ]
    },
    {
      "mode": "managed",
      "type": "aws_route53_zone",
      "name": "website_zone",
      "provider": "provider.aws",
      "instances": [
        {
          "schema_version": 0,
          "attributes": {
            "comment": "",
            "delegation_set_id": "",
            "force_destroy": false,
            "id": "Z07280322855ANDB2JUBA",
            "name": "doomlection.com",
            "name_servers": [
              "ns-1327.awsdns-37.org",
              "ns-1609.awsdns-09.co.uk",
              "ns-377.awsdns-47.com",
              "ns-968.awsdns-57.net"
            ],
            "tags": {},
            "vpc": [],
            "zone_id": "Z07280322855ANDB2JUBA"
          },
          "private": "bnVsbA=="
        }
      ]
    },
    {
      "mode": "managed",
      "type": "aws_s3_bucket",
      "name": "website_bucket",
      "provider": "provider.aws",
      "instances": [
        {
          "schema_version": 0,
          "attributes": {
            "acceleration_status": "",
            "acl": "private",
            "arn": "arn:aws:s3:::doomlection",
            "bucket": "doomlection",
            "bucket_domain_name": "doomlection.s3.amazonaws.com",
            "bucket_prefix": null,
            "bucket_regional_domain_name": "doomlection.s3.amazonaws.com",
            "cors_rule": [],
            "force_destroy": false,
            "grant": [],
            "hosted_zone_id": "Z3AQBSTGFYJSTF",
            "id": "doomlection",
            "lifecycle_rule": [],
            "logging": [],
            "object_lock_configuration": [],
            "policy": null,
            "region": "us-east-1",
            "replication_configuration": [],
            "request_payer": "BucketOwner",
            "server_side_encryption_configuration": [],
            "tags": {},
            "versioning": [
              {
                "enabled": false,
                "mfa_delete": false
              }
            ],
            "website": [
              {
                "error_document": "index.html",
                "index_document": "index.html",
                "redirect_all_requests_to": "",
                "routing_rules": ""
              }
            ],
            "website_domain": "s3-website-us-east-1.amazonaws.com",
            "website_endpoint": "doomlection.s3-website-us-east-1.amazonaws.com"
          },
          "private": "bnVsbA=="
        }
      ]
    }
  ]
}
